
Microsoft Visual Studio Solution File, Format Version 12.00
# Visual Studio Version 17
VisualStudioVersion = 17.1.32328.378
MinimumVisualStudioVersion = 10.0.40219.1
Project("{FAE04EC0-301F-11D3-BF4B-00C04F79EFBC}") = "bast pi", "bast pi\bast pi.csproj", "{B8D6AFA2-69D7-48C4-9686-EB6BBE09143B}"
EndProject
Global
	GlobalSection(SolutionConfigurationPlatforms) = preSolution
		Debug|Any CPU = Debug|Any CPU
		Release|Any CPU = Release|Any CPU
	EndGlobalSection
	GlobalSection(ProjectConfigurationPlatforms) = postSolution
		{B8D6AFA2-69D7-48C4-9686-EB6BBE09143B}.Debug|Any CPU.ActiveCfg = Debug|Any CPU
		{B8D6AFA2-69D7-48C4-9686-EB6BBE09143B}.Debug|Any CPU.Build.0 = Debug|Any CPU
		{B8D6AFA2-69D7-48C4-9686-EB6BBE09143B}.Release|Any CPU.ActiveCfg = Release|Any CPU
		{B8D6AFA2-69D7-48C4-9686-EB6BBE09143B}.Release|Any CPU.Build.0 = Release|Any CPU
	EndGlobalSection
	GlobalSection(SolutionProperties) = preSolution
		HideSolutionNode = FALSE
	EndGlobalSection
	GlobalSection(ExtensibilityGlobals) = postSolution
		SolutionGuid = {A8002840-F219-4DAD-ADBB-8EEDD3AF728E}
	EndGlobalSection
EndGlobal
