
Microsoft Visual Studio Solution File, Format Version 12.00
# Visual Studio Version 17
VisualStudioVersion = 17.1.32328.378
MinimumVisualStudioVersion = 10.0.40219.1
Project("{FAE04EC0-301F-11D3-BF4B-00C04F79EFBC}") = "Char_Between_number", "Char_Between_number\Char_Between_number.csproj", "{DAD69836-566D-4BF4-A1C7-CA47CC3907C0}"
EndProject
Global
	GlobalSection(SolutionConfigurationPlatforms) = preSolution
		Debug|Any CPU = Debug|Any CPU
		Release|Any CPU = Release|Any CPU
	EndGlobalSection
	GlobalSection(ProjectConfigurationPlatforms) = postSolution
		{DAD69836-566D-4BF4-A1C7-CA47CC3907C0}.Debug|Any CPU.ActiveCfg = Debug|Any CPU
		{DAD69836-566D-4BF4-A1C7-CA47CC3907C0}.Debug|Any CPU.Build.0 = Debug|Any CPU
		{DAD69836-566D-4BF4-A1C7-CA47CC3907C0}.Release|Any CPU.ActiveCfg = Release|Any CPU
		{DAD69836-566D-4BF4-A1C7-CA47CC3907C0}.Release|Any CPU.Build.0 = Release|Any CPU
	EndGlobalSection
	GlobalSection(SolutionProperties) = preSolution
		HideSolutionNode = FALSE
	EndGlobalSection
	GlobalSection(ExtensibilityGlobals) = postSolution
		SolutionGuid = {1971CFA9-9325-46C4-90DC-3D0CD7994213}
	EndGlobalSection
EndGlobal
