
Microsoft Visual Studio Solution File, Format Version 12.00
# Visual Studio Version 17
VisualStudioVersion = 17.1.32328.378
MinimumVisualStudioVersion = 10.0.40219.1
Project("{FAE04EC0-301F-11D3-BF4B-00C04F79EFBC}") = "Three_max-Three_max", "Three_max-Three_max\Three_max-Three_max.csproj", "{7B54CA85-64F6-4844-9C44-B852FEFE0658}"
EndProject
Global
	GlobalSection(SolutionConfigurationPlatforms) = preSolution
		Debug|Any CPU = Debug|Any CPU
		Release|Any CPU = Release|Any CPU
	EndGlobalSection
	GlobalSection(ProjectConfigurationPlatforms) = postSolution
		{7B54CA85-64F6-4844-9C44-B852FEFE0658}.Debug|Any CPU.ActiveCfg = Debug|Any CPU
		{7B54CA85-64F6-4844-9C44-B852FEFE0658}.Debug|Any CPU.Build.0 = Debug|Any CPU
		{7B54CA85-64F6-4844-9C44-B852FEFE0658}.Release|Any CPU.ActiveCfg = Release|Any CPU
		{7B54CA85-64F6-4844-9C44-B852FEFE0658}.Release|Any CPU.Build.0 = Release|Any CPU
	EndGlobalSection
	GlobalSection(SolutionProperties) = preSolution
		HideSolutionNode = FALSE
	EndGlobalSection
	GlobalSection(ExtensibilityGlobals) = postSolution
		SolutionGuid = {FDFAFEF8-0D86-46F3-80FA-0CC9EC5FC3A1}
	EndGlobalSection
EndGlobal
