
Microsoft Visual Studio Solution File, Format Version 12.00
# Visual Studio Version 17
VisualStudioVersion = 17.1.32328.378
MinimumVisualStudioVersion = 10.0.40219.1
Project("{FAE04EC0-301F-11D3-BF4B-00C04F79EFBC}") = "X pow Y", "X pow Y\X pow Y.csproj", "{FF1033FF-6BB6-4FBE-A37A-FAC8355EFBE3}"
EndProject
Global
	GlobalSection(SolutionConfigurationPlatforms) = preSolution
		Debug|Any CPU = Debug|Any CPU
		Release|Any CPU = Release|Any CPU
	EndGlobalSection
	GlobalSection(ProjectConfigurationPlatforms) = postSolution
		{FF1033FF-6BB6-4FBE-A37A-FAC8355EFBE3}.Debug|Any CPU.ActiveCfg = Debug|Any CPU
		{FF1033FF-6BB6-4FBE-A37A-FAC8355EFBE3}.Debug|Any CPU.Build.0 = Debug|Any CPU
		{FF1033FF-6BB6-4FBE-A37A-FAC8355EFBE3}.Release|Any CPU.ActiveCfg = Release|Any CPU
		{FF1033FF-6BB6-4FBE-A37A-FAC8355EFBE3}.Release|Any CPU.Build.0 = Release|Any CPU
	EndGlobalSection
	GlobalSection(SolutionProperties) = preSolution
		HideSolutionNode = FALSE
	EndGlobalSection
	GlobalSection(ExtensibilityGlobals) = postSolution
		SolutionGuid = {D2571010-773C-47CF-BED7-529D18D9C65F}
	EndGlobalSection
EndGlobal
