
Microsoft Visual Studio Solution File, Format Version 12.00
# Visual Studio Version 17
VisualStudioVersion = 17.1.32328.378
MinimumVisualStudioVersion = 10.0.40219.1
Project("{FAE04EC0-301F-11D3-BF4B-00C04F79EFBC}") = "hollow_square", "hollow_square\hollow_square.csproj", "{B05EACDD-3DD1-4D96-8573-BA6261C8659E}"
EndProject
Global
	GlobalSection(SolutionConfigurationPlatforms) = preSolution
		Debug|Any CPU = Debug|Any CPU
		Release|Any CPU = Release|Any CPU
	EndGlobalSection
	GlobalSection(ProjectConfigurationPlatforms) = postSolution
		{B05EACDD-3DD1-4D96-8573-BA6261C8659E}.Debug|Any CPU.ActiveCfg = Debug|Any CPU
		{B05EACDD-3DD1-4D96-8573-BA6261C8659E}.Debug|Any CPU.Build.0 = Debug|Any CPU
		{B05EACDD-3DD1-4D96-8573-BA6261C8659E}.Release|Any CPU.ActiveCfg = Release|Any CPU
		{B05EACDD-3DD1-4D96-8573-BA6261C8659E}.Release|Any CPU.Build.0 = Release|Any CPU
	EndGlobalSection
	GlobalSection(SolutionProperties) = preSolution
		HideSolutionNode = FALSE
	EndGlobalSection
	GlobalSection(ExtensibilityGlobals) = postSolution
		SolutionGuid = {25144BFB-6AA9-439E-B28D-74135795B814}
	EndGlobalSection
EndGlobal
