
Microsoft Visual Studio Solution File, Format Version 12.00
# Visual Studio Version 17
VisualStudioVersion = 17.1.32328.378
MinimumVisualStudioVersion = 10.0.40219.1
Project("{FAE04EC0-301F-11D3-BF4B-00C04F79EFBC}") = "PrimeNumber", "PrimeNumber\PrimeNumber.csproj", "{0F85A5F4-D9BE-4117-8917-261733FE941B}"
EndProject
Global
	GlobalSection(SolutionConfigurationPlatforms) = preSolution
		Debug|Any CPU = Debug|Any CPU
		Release|Any CPU = Release|Any CPU
	EndGlobalSection
	GlobalSection(ProjectConfigurationPlatforms) = postSolution
		{0F85A5F4-D9BE-4117-8917-261733FE941B}.Debug|Any CPU.ActiveCfg = Debug|Any CPU
		{0F85A5F4-D9BE-4117-8917-261733FE941B}.Debug|Any CPU.Build.0 = Debug|Any CPU
		{0F85A5F4-D9BE-4117-8917-261733FE941B}.Release|Any CPU.ActiveCfg = Release|Any CPU
		{0F85A5F4-D9BE-4117-8917-261733FE941B}.Release|Any CPU.Build.0 = Release|Any CPU
	EndGlobalSection
	GlobalSection(SolutionProperties) = preSolution
		HideSolutionNode = FALSE
	EndGlobalSection
	GlobalSection(ExtensibilityGlobals) = postSolution
		SolutionGuid = {4978074B-B962-487B-B27E-BABBAE627BF0}
	EndGlobalSection
EndGlobal
