
Microsoft Visual Studio Solution File, Format Version 12.00
# Visual Studio Version 17
VisualStudioVersion = 17.1.32328.378
MinimumVisualStudioVersion = 10.0.40219.1
Project("{FAE04EC0-301F-11D3-BF4B-00C04F79EFBC}") = "Draw_square", "Draw_square\Draw_square.csproj", "{3081E8DD-41C0-421C-B4D3-52CD0CD69492}"
EndProject
Global
	GlobalSection(SolutionConfigurationPlatforms) = preSolution
		Debug|Any CPU = Debug|Any CPU
		Release|Any CPU = Release|Any CPU
	EndGlobalSection
	GlobalSection(ProjectConfigurationPlatforms) = postSolution
		{3081E8DD-41C0-421C-B4D3-52CD0CD69492}.Debug|Any CPU.ActiveCfg = Debug|Any CPU
		{3081E8DD-41C0-421C-B4D3-52CD0CD69492}.Debug|Any CPU.Build.0 = Debug|Any CPU
		{3081E8DD-41C0-421C-B4D3-52CD0CD69492}.Release|Any CPU.ActiveCfg = Release|Any CPU
		{3081E8DD-41C0-421C-B4D3-52CD0CD69492}.Release|Any CPU.Build.0 = Release|Any CPU
	EndGlobalSection
	GlobalSection(SolutionProperties) = preSolution
		HideSolutionNode = FALSE
	EndGlobalSection
	GlobalSection(ExtensibilityGlobals) = postSolution
		SolutionGuid = {80B99C14-7F30-4B61-8AD1-F8D09C1127C5}
	EndGlobalSection
EndGlobal
