
Microsoft Visual Studio Solution File, Format Version 12.00
# Visual Studio Version 17
VisualStudioVersion = 17.1.32328.378
MinimumVisualStudioVersion = 10.0.40219.1
Project("{FAE04EC0-301F-11D3-BF4B-00C04F79EFBC}") = "Show_star", "Show_star\Show_star.csproj", "{6368240C-E5CC-47E4-9304-DB5C36FB7826}"
EndProject
Global
	GlobalSection(SolutionConfigurationPlatforms) = preSolution
		Debug|Any CPU = Debug|Any CPU
		Release|Any CPU = Release|Any CPU
	EndGlobalSection
	GlobalSection(ProjectConfigurationPlatforms) = postSolution
		{6368240C-E5CC-47E4-9304-DB5C36FB7826}.Debug|Any CPU.ActiveCfg = Debug|Any CPU
		{6368240C-E5CC-47E4-9304-DB5C36FB7826}.Debug|Any CPU.Build.0 = Debug|Any CPU
		{6368240C-E5CC-47E4-9304-DB5C36FB7826}.Release|Any CPU.ActiveCfg = Release|Any CPU
		{6368240C-E5CC-47E4-9304-DB5C36FB7826}.Release|Any CPU.Build.0 = Release|Any CPU
	EndGlobalSection
	GlobalSection(SolutionProperties) = preSolution
		HideSolutionNode = FALSE
	EndGlobalSection
	GlobalSection(ExtensibilityGlobals) = postSolution
		SolutionGuid = {5EDE368A-48A0-4953-A0B9-B1E4E0BDB52F}
	EndGlobalSection
EndGlobal
